
Microsoft Visual Studio Solution File, Format Version 12.00
# Visual Studio Version 17
VisualStudioVersion = 17.4.33205.214
MinimumVisualStudioVersion = 10.0.40219.1
Project("{FAE04EC0-301F-11D3-BF4B-00C04F79EFBC}") = "Calculator C Sharp", "Calculator C Sharp.csproj", "{74784A54-9ED5-49B7-B1FB-EA54A5F71401}"
EndProject
Global
	GlobalSection(SolutionConfigurationPlatforms) = preSolution
		Debug|Any CPU = Debug|Any CPU
		Release|Any CPU = Release|Any CPU
	EndGlobalSection
	GlobalSection(ProjectConfigurationPlatforms) = postSolution
		{74784A54-9ED5-49B7-B1FB-EA54A5F71401}.Debug|Any CPU.ActiveCfg = Debug|Any CPU
		{74784A54-9ED5-49B7-B1FB-EA54A5F71401}.Debug|Any CPU.Build.0 = Debug|Any CPU
		{74784A54-9ED5-49B7-B1FB-EA54A5F71401}.Release|Any CPU.ActiveCfg = Release|Any CPU
		{74784A54-9ED5-49B7-B1FB-EA54A5F71401}.Release|Any CPU.Build.0 = Release|Any CPU
	EndGlobalSection
	GlobalSection(SolutionProperties) = preSolution
		HideSolutionNode = FALSE
	EndGlobalSection
	GlobalSection(ExtensibilityGlobals) = postSolution
		SolutionGuid = {C5DF5F3E-1128-4908-AF13-FEEACFD2816E}
	EndGlobalSection
EndGlobal
